
Microsoft Visual Studio Solution File, Format Version 12.00
# Visual Studio Version 17
VisualStudioVersion = 17.11.35327.3
MinimumVisualStudioVersion = 10.0.40219.1
Project("{FAE04EC0-301F-11D3-BF4B-00C04F79EFBC}") = "WindowsFormsApp3", "WindowsFormsApp3.csproj", "{D92F33C3-107C-4206-82CA-8CC25A8F1F27}"
EndProject
Global
	GlobalSection(SolutionConfigurationPlatforms) = preSolution
		Debug|Any CPU = Debug|Any CPU
		Release|Any CPU = Release|Any CPU
	EndGlobalSection
	GlobalSection(ProjectConfigurationPlatforms) = postSolution
		{D92F33C3-107C-4206-82CA-8CC25A8F1F27}.Debug|Any CPU.ActiveCfg = Debug|Any CPU
		{D92F33C3-107C-4206-82CA-8CC25A8F1F27}.Debug|Any CPU.Build.0 = Debug|Any CPU
		{D92F33C3-107C-4206-82CA-8CC25A8F1F27}.Release|Any CPU.ActiveCfg = Release|Any CPU
		{D92F33C3-107C-4206-82CA-8CC25A8F1F27}.Release|Any CPU.Build.0 = Release|Any CPU
	EndGlobalSection
	GlobalSection(SolutionProperties) = preSolution
		HideSolutionNode = FALSE
	EndGlobalSection
	GlobalSection(ExtensibilityGlobals) = postSolution
		SolutionGuid = {2F837DB7-EAA4-4A7E-B477-3145BF5391AC}
	EndGlobalSection
EndGlobal
